
Microsoft Visual Studio Solution File, Format Version 12.00
# Visual Studio Version 16
VisualStudioVersion = 16.0.31129.286
MinimumVisualStudioVersion = 10.0.40219.1
Project("{FAE04EC0-301F-11D3-BF4B-00C04F79EFBC}") = "LoginEncrpyt", "LoginEncrpyt\LoginEncrpyt.csproj", "{349D819E-A2C6-4A4F-88AE-05BFA6B21053}"
EndProject
Global
	GlobalSection(SolutionConfigurationPlatforms) = preSolution
		Debug|Any CPU = Debug|Any CPU
		Release|Any CPU = Release|Any CPU
	EndGlobalSection
	GlobalSection(ProjectConfigurationPlatforms) = postSolution
		{349D819E-A2C6-4A4F-88AE-05BFA6B21053}.Debug|Any CPU.ActiveCfg = Debug|Any CPU
		{349D819E-A2C6-4A4F-88AE-05BFA6B21053}.Debug|Any CPU.Build.0 = Debug|Any CPU
		{349D819E-A2C6-4A4F-88AE-05BFA6B21053}.Release|Any CPU.ActiveCfg = Release|Any CPU
		{349D819E-A2C6-4A4F-88AE-05BFA6B21053}.Release|Any CPU.Build.0 = Release|Any CPU
	EndGlobalSection
	GlobalSection(SolutionProperties) = preSolution
		HideSolutionNode = FALSE
	EndGlobalSection
	GlobalSection(ExtensibilityGlobals) = postSolution
		SolutionGuid = {779C270A-296A-4526-B196-6996710E2A80}
	EndGlobalSection
EndGlobal
